
Microsoft Visual Studio Solution File, Format Version 12.00
# Visual Studio Version 16
VisualStudioVersion = 16.0.30621.155
MinimumVisualStudioVersion = 15.0.26124.0
Project("{2150E333-8FDC-42A3-9474-1A3956D46DE8}") = "src", "src", "{4E12A058-EBAB-46B1-8541-A9D30436CC67}"
EndProject
Project("{9A19103F-16F7-4668-BE54-9A1E7A4F7556}") = "ToDoList.Core", "src\ToDoList.Core\ToDoList.Core.csproj", "{BE0A438E-1227-437E-8261-DBB76082402F}"
EndProject
Project("{2150E333-8FDC-42A3-9474-1A3956D46DE8}") = "tests", "tests", "{EA6852CA-2285-4906-B72E-5EA9BB813B60}"
EndProject
Project("{9A19103F-16F7-4668-BE54-9A1E7A4F7556}") = "Domain.UnitTests", "tests\Domain.UnitTests\Domain.UnitTests.csproj", "{058E2979-58B2-4353-82DB-EBCB2011D641}"
EndProject
Project("{9A19103F-16F7-4668-BE54-9A1E7A4F7556}") = "ToDoList.Business", "src\ToDoList.Business\ToDoList.Business.csproj", "{07160F3D-BE7D-4B0B-91D8-E6A0B2FD9B30}"
EndProject
Project("{9A19103F-16F7-4668-BE54-9A1E7A4F7556}") = "ToDoList.Entities", "src\ToDoList.Entities\ToDoList.Entities.csproj", "{D351439E-B974-43F7-91BD-20533AF2FDDF}"
EndProject
Project("{9A19103F-16F7-4668-BE54-9A1E7A4F7556}") = "ToDoList.DataAccess", "src\ToDoList.DataAccess\ToDoList.DataAccess.csproj", "{7AF58593-E2B5-40CB-A438-A0102940603F}"
EndProject
Project("{FAE04EC0-301F-11D3-BF4B-00C04F79EFBC}") = "ToDoList.WebAPI", "src\ToDoList.WebAPI\ToDoList.WebAPI.csproj", "{997AB4BD-1AF2-4F08-A221-35312D258B87}"
EndProject
Global
	GlobalSection(SolutionConfigurationPlatforms) = preSolution
		Debug|Any CPU = Debug|Any CPU
		Debug|x64 = Debug|x64
		Debug|x86 = Debug|x86
		Release|Any CPU = Release|Any CPU
		Release|x64 = Release|x64
		Release|x86 = Release|x86
	EndGlobalSection
	GlobalSection(ProjectConfigurationPlatforms) = postSolution
		{BE0A438E-1227-437E-8261-DBB76082402F}.Debug|Any CPU.ActiveCfg = Debug|Any CPU
		{BE0A438E-1227-437E-8261-DBB76082402F}.Debug|Any CPU.Build.0 = Debug|Any CPU
		{BE0A438E-1227-437E-8261-DBB76082402F}.Debug|x64.ActiveCfg = Debug|Any CPU
		{BE0A438E-1227-437E-8261-DBB76082402F}.Debug|x64.Build.0 = Debug|Any CPU
		{BE0A438E-1227-437E-8261-DBB76082402F}.Debug|x86.ActiveCfg = Debug|Any CPU
		{BE0A438E-1227-437E-8261-DBB76082402F}.Debug|x86.Build.0 = Debug|Any CPU
		{BE0A438E-1227-437E-8261-DBB76082402F}.Release|Any CPU.ActiveCfg = Release|Any CPU
		{BE0A438E-1227-437E-8261-DBB76082402F}.Release|Any CPU.Build.0 = Release|Any CPU
		{BE0A438E-1227-437E-8261-DBB76082402F}.Release|x64.ActiveCfg = Release|Any CPU
		{BE0A438E-1227-437E-8261-DBB76082402F}.Release|x64.Build.0 = Release|Any CPU
		{BE0A438E-1227-437E-8261-DBB76082402F}.Release|x86.ActiveCfg = Release|Any CPU
		{BE0A438E-1227-437E-8261-DBB76082402F}.Release|x86.Build.0 = Release|Any CPU
		{058E2979-58B2-4353-82DB-EBCB2011D641}.Debug|Any CPU.ActiveCfg = Debug|Any CPU
		{058E2979-58B2-4353-82DB-EBCB2011D641}.Debug|Any CPU.Build.0 = Debug|Any CPU
		{058E2979-58B2-4353-82DB-EBCB2011D641}.Debug|x64.ActiveCfg = Debug|Any CPU
		{058E2979-58B2-4353-82DB-EBCB2011D641}.Debug|x64.Build.0 = Debug|Any CPU
		{058E2979-58B2-4353-82DB-EBCB2011D641}.Debug|x86.ActiveCfg = Debug|Any CPU
		{058E2979-58B2-4353-82DB-EBCB2011D641}.Debug|x86.Build.0 = Debug|Any CPU
		{058E2979-58B2-4353-82DB-EBCB2011D641}.Release|Any CPU.ActiveCfg = Release|Any CPU
		{058E2979-58B2-4353-82DB-EBCB2011D641}.Release|Any CPU.Build.0 = Release|Any CPU
		{058E2979-58B2-4353-82DB-EBCB2011D641}.Release|x64.ActiveCfg = Release|Any CPU
		{058E2979-58B2-4353-82DB-EBCB2011D641}.Release|x64.Build.0 = Release|Any CPU
		{058E2979-58B2-4353-82DB-EBCB2011D641}.Release|x86.ActiveCfg = Release|Any CPU
		{058E2979-58B2-4353-82DB-EBCB2011D641}.Release|x86.Build.0 = Release|Any CPU
		{07160F3D-BE7D-4B0B-91D8-E6A0B2FD9B30}.Debug|Any CPU.ActiveCfg = Debug|Any CPU
		{07160F3D-BE7D-4B0B-91D8-E6A0B2FD9B30}.Debug|Any CPU.Build.0 = Debug|Any CPU
		{07160F3D-BE7D-4B0B-91D8-E6A0B2FD9B30}.Debug|x64.ActiveCfg = Debug|Any CPU
		{07160F3D-BE7D-4B0B-91D8-E6A0B2FD9B30}.Debug|x64.Build.0 = Debug|Any CPU
		{07160F3D-BE7D-4B0B-91D8-E6A0B2FD9B30}.Debug|x86.ActiveCfg = Debug|Any CPU
		{07160F3D-BE7D-4B0B-91D8-E6A0B2FD9B30}.Debug|x86.Build.0 = Debug|Any CPU
		{07160F3D-BE7D-4B0B-91D8-E6A0B2FD9B30}.Release|Any CPU.ActiveCfg = Release|Any CPU
		{07160F3D-BE7D-4B0B-91D8-E6A0B2FD9B30}.Release|Any CPU.Build.0 = Release|Any CPU
		{07160F3D-BE7D-4B0B-91D8-E6A0B2FD9B30}.Release|x64.ActiveCfg = Release|Any CPU
		{07160F3D-BE7D-4B0B-91D8-E6A0B2FD9B30}.Release|x64.Build.0 = Release|Any CPU
		{07160F3D-BE7D-4B0B-91D8-E6A0B2FD9B30}.Release|x86.ActiveCfg = Release|Any CPU
		{07160F3D-BE7D-4B0B-91D8-E6A0B2FD9B30}.Release|x86.Build.0 = Release|Any CPU
		{D351439E-B974-43F7-91BD-20533AF2FDDF}.Debug|Any CPU.ActiveCfg = Debug|Any CPU
		{D351439E-B974-43F7-91BD-20533AF2FDDF}.Debug|Any CPU.Build.0 = Debug|Any CPU
		{D351439E-B974-43F7-91BD-20533AF2FDDF}.Debug|x64.ActiveCfg = Debug|Any CPU
		{D351439E-B974-43F7-91BD-20533AF2FDDF}.Debug|x64.Build.0 = Debug|Any CPU
		{D351439E-B974-43F7-91BD-20533AF2FDDF}.Debug|x86.ActiveCfg = Debug|Any CPU
		{D351439E-B974-43F7-91BD-20533AF2FDDF}.Debug|x86.Build.0 = Debug|Any CPU
		{D351439E-B974-43F7-91BD-20533AF2FDDF}.Release|Any CPU.ActiveCfg = Release|Any CPU
		{D351439E-B974-43F7-91BD-20533AF2FDDF}.Release|Any CPU.Build.0 = Release|Any CPU
		{D351439E-B974-43F7-91BD-20533AF2FDDF}.Release|x64.ActiveCfg = Release|Any CPU
		{D351439E-B974-43F7-91BD-20533AF2FDDF}.Release|x64.Build.0 = Release|Any CPU
		{D351439E-B974-43F7-91BD-20533AF2FDDF}.Release|x86.ActiveCfg = Release|Any CPU
		{D351439E-B974-43F7-91BD-20533AF2FDDF}.Release|x86.Build.0 = Release|Any CPU
		{7AF58593-E2B5-40CB-A438-A0102940603F}.Debug|Any CPU.ActiveCfg = Debug|Any CPU
		{7AF58593-E2B5-40CB-A438-A0102940603F}.Debug|Any CPU.Build.0 = Debug|Any CPU
		{7AF58593-E2B5-40CB-A438-A0102940603F}.Debug|x64.ActiveCfg = Debug|Any CPU
		{7AF58593-E2B5-40CB-A438-A0102940603F}.Debug|x64.Build.0 = Debug|Any CPU
		{7AF58593-E2B5-40CB-A438-A0102940603F}.Debug|x86.ActiveCfg = Debug|Any CPU
		{7AF58593-E2B5-40CB-A438-A0102940603F}.Debug|x86.Build.0 = Debug|Any CPU
		{7AF58593-E2B5-40CB-A438-A0102940603F}.Release|Any CPU.ActiveCfg = Release|Any CPU
		{7AF58593-E2B5-40CB-A438-A0102940603F}.Release|Any CPU.Build.0 = Release|Any CPU
		{7AF58593-E2B5-40CB-A438-A0102940603F}.Release|x64.ActiveCfg = Release|Any CPU
		{7AF58593-E2B5-40CB-A438-A0102940603F}.Release|x64.Build.0 = Release|Any CPU
		{7AF58593-E2B5-40CB-A438-A0102940603F}.Release|x86.ActiveCfg = Release|Any CPU
		{7AF58593-E2B5-40CB-A438-A0102940603F}.Release|x86.Build.0 = Release|Any CPU
		{997AB4BD-1AF2-4F08-A221-35312D258B87}.Debug|Any CPU.ActiveCfg = Debug|Any CPU
		{997AB4BD-1AF2-4F08-A221-35312D258B87}.Debug|Any CPU.Build.0 = Debug|Any CPU
		{997AB4BD-1AF2-4F08-A221-35312D258B87}.Debug|x64.ActiveCfg = Debug|Any CPU
		{997AB4BD-1AF2-4F08-A221-35312D258B87}.Debug|x64.Build.0 = Debug|Any CPU
		{997AB4BD-1AF2-4F08-A221-35312D258B87}.Debug|x86.ActiveCfg = Debug|Any CPU
		{997AB4BD-1AF2-4F08-A221-35312D258B87}.Debug|x86.Build.0 = Debug|Any CPU
		{997AB4BD-1AF2-4F08-A221-35312D258B87}.Release|Any CPU.ActiveCfg = Release|Any CPU
		{997AB4BD-1AF2-4F08-A221-35312D258B87}.Release|Any CPU.Build.0 = Release|Any CPU
		{997AB4BD-1AF2-4F08-A221-35312D258B87}.Release|x64.ActiveCfg = Release|Any CPU
		{997AB4BD-1AF2-4F08-A221-35312D258B87}.Release|x64.Build.0 = Release|Any CPU
		{997AB4BD-1AF2-4F08-A221-35312D258B87}.Release|x86.ActiveCfg = Release|Any CPU
		{997AB4BD-1AF2-4F08-A221-35312D258B87}.Release|x86.Build.0 = Release|Any CPU
	EndGlobalSection
	GlobalSection(SolutionProperties) = preSolution
		HideSolutionNode = FALSE
	EndGlobalSection
	GlobalSection(NestedProjects) = preSolution
		{BE0A438E-1227-437E-8261-DBB76082402F} = {4E12A058-EBAB-46B1-8541-A9D30436CC67}
		{058E2979-58B2-4353-82DB-EBCB2011D641} = {EA6852CA-2285-4906-B72E-5EA9BB813B60}
		{07160F3D-BE7D-4B0B-91D8-E6A0B2FD9B30} = {4E12A058-EBAB-46B1-8541-A9D30436CC67}
		{D351439E-B974-43F7-91BD-20533AF2FDDF} = {4E12A058-EBAB-46B1-8541-A9D30436CC67}
		{7AF58593-E2B5-40CB-A438-A0102940603F} = {4E12A058-EBAB-46B1-8541-A9D30436CC67}
		{997AB4BD-1AF2-4F08-A221-35312D258B87} = {4E12A058-EBAB-46B1-8541-A9D30436CC67}
	EndGlobalSection
	GlobalSection(ExtensibilityGlobals) = postSolution
		SolutionGuid = {FEF10CF7-826D-45F9-8B22-9E4587B7C40C}
	EndGlobalSection
EndGlobal
